
Microsoft Visual Studio Solution File, Format Version 12.00
# Visual Studio Version 17
VisualStudioVersion = 17.7.34221.43
MinimumVisualStudioVersion = 10.0.40219.1
Project("{FAE04EC0-301F-11D3-BF4B-00C04F79EFBC}") = "ConsoleApp1", "ConsoleApp1.csproj", "{E430EA81-AC7B-486C-AA96-A56EE130F63F}"
EndProject
Global
	GlobalSection(SolutionConfigurationPlatforms) = preSolution
		Debug|Any CPU = Debug|Any CPU
		Release|Any CPU = Release|Any CPU
	EndGlobalSection
	GlobalSection(ProjectConfigurationPlatforms) = postSolution
		{E430EA81-AC7B-486C-AA96-A56EE130F63F}.Debug|Any CPU.ActiveCfg = Debug|Any CPU
		{E430EA81-AC7B-486C-AA96-A56EE130F63F}.Debug|Any CPU.Build.0 = Debug|Any CPU
		{E430EA81-AC7B-486C-AA96-A56EE130F63F}.Release|Any CPU.ActiveCfg = Release|Any CPU
		{E430EA81-AC7B-486C-AA96-A56EE130F63F}.Release|Any CPU.Build.0 = Release|Any CPU
	EndGlobalSection
	GlobalSection(SolutionProperties) = preSolution
		HideSolutionNode = FALSE
	EndGlobalSection
	GlobalSection(ExtensibilityGlobals) = postSolution
		SolutionGuid = {CD034A3B-24AF-4B51-992A-5C53D4E5EC79}
	EndGlobalSection
EndGlobal
