
Microsoft Visual Studio Solution File, Format Version 12.00
# Visual Studio Version 17
VisualStudioVersion = 17.7.34221.43
MinimumVisualStudioVersion = 10.0.40219.1
Project("{FAE04EC0-301F-11D3-BF4B-00C04F79EFBC}") = "WinFormsApp2", "WinFormsApp2.csproj", "{D8C19ABB-BC01-4F4D-A8DA-DAE8B664E984}"
EndProject
Global
	GlobalSection(SolutionConfigurationPlatforms) = preSolution
		Debug|Any CPU = Debug|Any CPU
		Release|Any CPU = Release|Any CPU
	EndGlobalSection
	GlobalSection(ProjectConfigurationPlatforms) = postSolution
		{D8C19ABB-BC01-4F4D-A8DA-DAE8B664E984}.Debug|Any CPU.ActiveCfg = Debug|Any CPU
		{D8C19ABB-BC01-4F4D-A8DA-DAE8B664E984}.Debug|Any CPU.Build.0 = Debug|Any CPU
		{D8C19ABB-BC01-4F4D-A8DA-DAE8B664E984}.Release|Any CPU.ActiveCfg = Release|Any CPU
		{D8C19ABB-BC01-4F4D-A8DA-DAE8B664E984}.Release|Any CPU.Build.0 = Release|Any CPU
	EndGlobalSection
	GlobalSection(SolutionProperties) = preSolution
		HideSolutionNode = FALSE
	EndGlobalSection
	GlobalSection(ExtensibilityGlobals) = postSolution
		SolutionGuid = {B47C082F-41FA-46E3-B1AB-7FE4AB8201F0}
	EndGlobalSection
EndGlobal
